{
  "name": "work",
  "lockfileVersion": 2,
  "requires": true,
  "packages": {
    "": {
      "dependencies": {
        "matrix-requirements-sdk": "^2.4.0-alpha.17"
      }
    },
    "node_modules/matrix-requirements-sdk": {
      "version": "2.4.0-alpha.17",
      "resolved": "https://registry.npmjs.org/matrix-requirements-sdk/-/matrix-requirements-sdk-2.4.0-alpha.17.tgz",
      "integrity": "sha512-BwIZahTW6Kn9XM0ofdh/1u9KgJUjc2RcowjrTq+C6Q0ikX8lktYElBnTItUuVJQKCxSW1xmHGSE0bRvPVJgFDA=="
    }
  },
  "dependencies": {
    "matrix-requirements-sdk": {
      "version": "2.4.0-alpha.17",
      "resolved": "https://registry.npmjs.org/matrix-requirements-sdk/-/matrix-requirements-sdk-2.4.0-alpha.17.tgz",
      "integrity": "sha512-BwIZahTW6Kn9XM0ofdh/1u9KgJUjc2RcowjrTq+C6Q0ikX8lktYElBnTItUuVJQKCxSW1xmHGSE0bRvPVJgFDA=="
    }
  }
}
